
Microsoft Visual Studio Solution File, Format Version 12.00
# Visual Studio 15
VisualStudioVersion = 15.0.26124.0
MinimumVisualStudioVersion = 15.0.26124.0
Project("{2150E333-8FDC-42A3-9474-1A3956D46DE8}") = "src", "src", "{D5C87614-152B-4DBA-A060-F5FAB89F8431}"
EndProject
Project("{FAE04EC0-301F-11D3-BF4B-00C04F79EFBC}") = "FreshMvvm", "src\FreshMvvm\FreshMvvm.csproj", "{0E4EE4A6-B1EF-4DEF-B8B7-2E391B5C424F}"
EndProject
Project("{FAE04EC0-301F-11D3-BF4B-00C04F79EFBC}") = "FreshTinyIoc", "src\FreshTinyIoc\FreshTinyIoc.csproj", "{34770E63-CB62-4506-BEE4-59F337E26D7D}"
EndProject
Project("{2150E333-8FDC-42A3-9474-1A3956D46DE8}") = "test", "test", "{19D7160B-B33F-4200-B248-FC1B7BF8D815}"
EndProject
Project("{FAE04EC0-301F-11D3-BF4B-00C04F79EFBC}") = "FreshMvvm.Tests", "test\FreshMvvm.Tests\FreshMvvm.Tests.csproj", "{7D3B8011-BDFE-46D9-9396-2F22724CA1AA}"
EndProject
Global
	GlobalSection(SolutionConfigurationPlatforms) = preSolution
		Debug|Any CPU = Debug|Any CPU
		Debug|x64 = Debug|x64
		Debug|x86 = Debug|x86
		Release|Any CPU = Release|Any CPU
		Release|x64 = Release|x64
		Release|x86 = Release|x86
	EndGlobalSection
	GlobalSection(SolutionProperties) = preSolution
		HideSolutionNode = FALSE
	EndGlobalSection
	GlobalSection(ProjectConfigurationPlatforms) = postSolution
		{0E4EE4A6-B1EF-4DEF-B8B7-2E391B5C424F}.Debug|Any CPU.ActiveCfg = Debug|Any CPU
		{0E4EE4A6-B1EF-4DEF-B8B7-2E391B5C424F}.Debug|Any CPU.Build.0 = Debug|Any CPU
		{0E4EE4A6-B1EF-4DEF-B8B7-2E391B5C424F}.Debug|x64.ActiveCfg = Debug|Any CPU
		{0E4EE4A6-B1EF-4DEF-B8B7-2E391B5C424F}.Debug|x64.Build.0 = Debug|Any CPU
		{0E4EE4A6-B1EF-4DEF-B8B7-2E391B5C424F}.Debug|x86.ActiveCfg = Debug|Any CPU
		{0E4EE4A6-B1EF-4DEF-B8B7-2E391B5C424F}.Debug|x86.Build.0 = Debug|Any CPU
		{0E4EE4A6-B1EF-4DEF-B8B7-2E391B5C424F}.Release|Any CPU.ActiveCfg = Release|Any CPU
		{0E4EE4A6-B1EF-4DEF-B8B7-2E391B5C424F}.Release|Any CPU.Build.0 = Release|Any CPU
		{0E4EE4A6-B1EF-4DEF-B8B7-2E391B5C424F}.Release|x64.ActiveCfg = Release|Any CPU
		{0E4EE4A6-B1EF-4DEF-B8B7-2E391B5C424F}.Release|x64.Build.0 = Release|Any CPU
		{0E4EE4A6-B1EF-4DEF-B8B7-2E391B5C424F}.Release|x86.ActiveCfg = Release|Any CPU
		{0E4EE4A6-B1EF-4DEF-B8B7-2E391B5C424F}.Release|x86.Build.0 = Release|Any CPU
		{34770E63-CB62-4506-BEE4-59F337E26D7D}.Debug|Any CPU.ActiveCfg = Debug|Any CPU
		{34770E63-CB62-4506-BEE4-59F337E26D7D}.Debug|Any CPU.Build.0 = Debug|Any CPU
		{34770E63-CB62-4506-BEE4-59F337E26D7D}.Debug|x64.ActiveCfg = Debug|Any CPU
		{34770E63-CB62-4506-BEE4-59F337E26D7D}.Debug|x64.Build.0 = Debug|Any CPU
		{34770E63-CB62-4506-BEE4-59F337E26D7D}.Debug|x86.ActiveCfg = Debug|Any CPU
		{34770E63-CB62-4506-BEE4-59F337E26D7D}.Debug|x86.Build.0 = Debug|Any CPU
		{34770E63-CB62-4506-BEE4-59F337E26D7D}.Release|Any CPU.ActiveCfg = Release|Any CPU
		{34770E63-CB62-4506-BEE4-59F337E26D7D}.Release|Any CPU.Build.0 = Release|Any CPU
		{34770E63-CB62-4506-BEE4-59F337E26D7D}.Release|x64.ActiveCfg = Release|Any CPU
		{34770E63-CB62-4506-BEE4-59F337E26D7D}.Release|x64.Build.0 = Release|Any CPU
		{34770E63-CB62-4506-BEE4-59F337E26D7D}.Release|x86.ActiveCfg = Release|Any CPU
		{34770E63-CB62-4506-BEE4-59F337E26D7D}.Release|x86.Build.0 = Release|Any CPU
		{7D3B8011-BDFE-46D9-9396-2F22724CA1AA}.Debug|Any CPU.ActiveCfg = Debug|Any CPU
		{7D3B8011-BDFE-46D9-9396-2F22724CA1AA}.Debug|Any CPU.Build.0 = Debug|Any CPU
		{7D3B8011-BDFE-46D9-9396-2F22724CA1AA}.Debug|x64.ActiveCfg = Debug|Any CPU
		{7D3B8011-BDFE-46D9-9396-2F22724CA1AA}.Debug|x64.Build.0 = Debug|Any CPU
		{7D3B8011-BDFE-46D9-9396-2F22724CA1AA}.Debug|x86.ActiveCfg = Debug|Any CPU
		{7D3B8011-BDFE-46D9-9396-2F22724CA1AA}.Debug|x86.Build.0 = Debug|Any CPU
		{7D3B8011-BDFE-46D9-9396-2F22724CA1AA}.Release|Any CPU.ActiveCfg = Release|Any CPU
		{7D3B8011-BDFE-46D9-9396-2F22724CA1AA}.Release|Any CPU.Build.0 = Release|Any CPU
		{7D3B8011-BDFE-46D9-9396-2F22724CA1AA}.Release|x64.ActiveCfg = Release|Any CPU
		{7D3B8011-BDFE-46D9-9396-2F22724CA1AA}.Release|x64.Build.0 = Release|Any CPU
		{7D3B8011-BDFE-46D9-9396-2F22724CA1AA}.Release|x86.ActiveCfg = Release|Any CPU
		{7D3B8011-BDFE-46D9-9396-2F22724CA1AA}.Release|x86.Build.0 = Release|Any CPU
	EndGlobalSection
	GlobalSection(NestedProjects) = preSolution
		{0E4EE4A6-B1EF-4DEF-B8B7-2E391B5C424F} = {D5C87614-152B-4DBA-A060-F5FAB89F8431}
		{34770E63-CB62-4506-BEE4-59F337E26D7D} = {D5C87614-152B-4DBA-A060-F5FAB89F8431}
		{7D3B8011-BDFE-46D9-9396-2F22724CA1AA} = {19D7160B-B33F-4200-B248-FC1B7BF8D815}
	EndGlobalSection
EndGlobal
