
Microsoft Visual Studio Solution File, Format Version 12.00
# Visual Studio 2012
Project("{8BC9CEB9-8B4A-11D0-8D11-00A0C91BC942}") = "FreshMvvm", "FreshMvvm.dll", "{F0BFA391-3F52-47E0-9FF6-0D88CC90736F}"
	ProjectSection(MonoDevelopProperties) = preProject
		BaseDirectory = ..\..
		name = FreshMvvm
		Configurations = $0
		$0.Configuration = $1
		$1.name = Default
		$1.OutputPath = .\
		$1.ctype = ProjectConfiguration
	EndProjectSection
EndProject
Global
	GlobalSection(SolutionConfigurationPlatforms) = preSolution
		Default|Any CPU = Default|Any CPU
	EndGlobalSection
	GlobalSection(ProjectConfigurationPlatforms) = postSolution
		{F0BFA391-3F52-47E0-9FF6-0D88CC90736F}.Default|Any CPU.ActiveCfg = Default|Any CPU
		{F0BFA391-3F52-47E0-9FF6-0D88CC90736F}.Default|Any CPU.Build.0 = Default|Any CPU
	EndGlobalSection
EndGlobal
