
Microsoft Visual Studio Solution File, Format Version 12.00
# Visual Studio 14
VisualStudioVersion = 14.0.24720.0
MinimumVisualStudioVersion = 10.0.40219.1
Project("{2150E333-8FDC-42A3-9474-1A3956D46DE8}") = "Samples", "Samples", "{1E4FFC49-0D98-4DD1-8CB8-2A8383EC31C1}"
EndProject
Project("{FAE04EC0-301F-11D3-BF4B-00C04F79EFBC}") = "FreshMvvmSampleApp", "FreshMvvmSampleApp\FreshMvvmSampleApp.csproj", "{BAB97A09-E24F-482D-925D-B2D1F9AB81D2}"
EndProject
Project("{FAE04EC0-301F-11D3-BF4B-00C04F79EFBC}") = "FreshMvvmSampleApp.Droid", "Droid\FreshMvvmSampleApp.Droid.csproj", "{8F8E0021-5D80-4124-98CF-118AC540A1EB}"
EndProject
Project("{FAE04EC0-301F-11D3-BF4B-00C04F79EFBC}") = "FreshMvvmSampleApp.iOS", "iOS\FreshMvvmSampleApp.iOS.csproj", "{07562A06-25AE-408C-BB01-D41718D095A1}"
EndProject
Project("{FAE04EC0-301F-11D3-BF4B-00C04F79EFBC}") = "IOC", "..\..\src\FreshIOC\IOC.csproj", "{CE6AA8F2-BD67-4051-8AE6-9FFCA9E663FE}"
EndProject
Project("{FAE04EC0-301F-11D3-BF4B-00C04F79EFBC}") = "FreshMvvm", "..\..\src\FreshMvvm\FreshMvvm.csproj", "{ACBA1111-2C39-4126-B60A-51EE9D0C734B}"
EndProject
Global
	GlobalSection(SolutionConfigurationPlatforms) = preSolution
		Ad-Hoc|Any CPU = Ad-Hoc|Any CPU
		Ad-Hoc|iPhone = Ad-Hoc|iPhone
		Ad-Hoc|iPhoneSimulator = Ad-Hoc|iPhoneSimulator
		AppStore|Any CPU = AppStore|Any CPU
		AppStore|iPhone = AppStore|iPhone
		AppStore|iPhoneSimulator = AppStore|iPhoneSimulator
		Debug|Any CPU = Debug|Any CPU
		Debug|iPhone = Debug|iPhone
		Debug|iPhoneSimulator = Debug|iPhoneSimulator
		Release|Any CPU = Release|Any CPU
		Release|iPhone = Release|iPhone
		Release|iPhoneSimulator = Release|iPhoneSimulator
	EndGlobalSection
	GlobalSection(ProjectConfigurationPlatforms) = postSolution
		{BAB97A09-E24F-482D-925D-B2D1F9AB81D2}.Ad-Hoc|Any CPU.ActiveCfg = Release|Any CPU
		{BAB97A09-E24F-482D-925D-B2D1F9AB81D2}.Ad-Hoc|Any CPU.Build.0 = Release|Any CPU
		{BAB97A09-E24F-482D-925D-B2D1F9AB81D2}.Ad-Hoc|iPhone.ActiveCfg = Release|Any CPU
		{BAB97A09-E24F-482D-925D-B2D1F9AB81D2}.Ad-Hoc|iPhone.Build.0 = Release|Any CPU
		{BAB97A09-E24F-482D-925D-B2D1F9AB81D2}.Ad-Hoc|iPhoneSimulator.ActiveCfg = Release|Any CPU
		{BAB97A09-E24F-482D-925D-B2D1F9AB81D2}.Ad-Hoc|iPhoneSimulator.Build.0 = Release|Any CPU
		{BAB97A09-E24F-482D-925D-B2D1F9AB81D2}.AppStore|Any CPU.ActiveCfg = Release|Any CPU
		{BAB97A09-E24F-482D-925D-B2D1F9AB81D2}.AppStore|Any CPU.Build.0 = Release|Any CPU
		{BAB97A09-E24F-482D-925D-B2D1F9AB81D2}.AppStore|iPhone.ActiveCfg = Release|Any CPU
		{BAB97A09-E24F-482D-925D-B2D1F9AB81D2}.AppStore|iPhone.Build.0 = Release|Any CPU
		{BAB97A09-E24F-482D-925D-B2D1F9AB81D2}.AppStore|iPhoneSimulator.ActiveCfg = Release|Any CPU
		{BAB97A09-E24F-482D-925D-B2D1F9AB81D2}.AppStore|iPhoneSimulator.Build.0 = Release|Any CPU
		{BAB97A09-E24F-482D-925D-B2D1F9AB81D2}.Debug|Any CPU.ActiveCfg = Debug|Any CPU
		{BAB97A09-E24F-482D-925D-B2D1F9AB81D2}.Debug|Any CPU.Build.0 = Debug|Any CPU
		{BAB97A09-E24F-482D-925D-B2D1F9AB81D2}.Debug|iPhone.ActiveCfg = Debug|Any CPU
		{BAB97A09-E24F-482D-925D-B2D1F9AB81D2}.Debug|iPhone.Build.0 = Debug|Any CPU
		{BAB97A09-E24F-482D-925D-B2D1F9AB81D2}.Debug|iPhoneSimulator.ActiveCfg = Debug|Any CPU
		{BAB97A09-E24F-482D-925D-B2D1F9AB81D2}.Debug|iPhoneSimulator.Build.0 = Debug|Any CPU
		{BAB97A09-E24F-482D-925D-B2D1F9AB81D2}.Release|Any CPU.ActiveCfg = Release|Any CPU
		{BAB97A09-E24F-482D-925D-B2D1F9AB81D2}.Release|Any CPU.Build.0 = Release|Any CPU
		{BAB97A09-E24F-482D-925D-B2D1F9AB81D2}.Release|iPhone.ActiveCfg = Release|Any CPU
		{BAB97A09-E24F-482D-925D-B2D1F9AB81D2}.Release|iPhone.Build.0 = Release|Any CPU
		{BAB97A09-E24F-482D-925D-B2D1F9AB81D2}.Release|iPhoneSimulator.ActiveCfg = Release|Any CPU
		{BAB97A09-E24F-482D-925D-B2D1F9AB81D2}.Release|iPhoneSimulator.Build.0 = Release|Any CPU
		{8F8E0021-5D80-4124-98CF-118AC540A1EB}.Ad-Hoc|Any CPU.ActiveCfg = Release|Any CPU
		{8F8E0021-5D80-4124-98CF-118AC540A1EB}.Ad-Hoc|Any CPU.Build.0 = Release|Any CPU
		{8F8E0021-5D80-4124-98CF-118AC540A1EB}.Ad-Hoc|Any CPU.Deploy.0 = Release|Any CPU
		{8F8E0021-5D80-4124-98CF-118AC540A1EB}.Ad-Hoc|iPhone.ActiveCfg = Release|Any CPU
		{8F8E0021-5D80-4124-98CF-118AC540A1EB}.Ad-Hoc|iPhone.Build.0 = Release|Any CPU
		{8F8E0021-5D80-4124-98CF-118AC540A1EB}.Ad-Hoc|iPhone.Deploy.0 = Release|Any CPU
		{8F8E0021-5D80-4124-98CF-118AC540A1EB}.Ad-Hoc|iPhoneSimulator.ActiveCfg = Release|Any CPU
		{8F8E0021-5D80-4124-98CF-118AC540A1EB}.Ad-Hoc|iPhoneSimulator.Build.0 = Release|Any CPU
		{8F8E0021-5D80-4124-98CF-118AC540A1EB}.Ad-Hoc|iPhoneSimulator.Deploy.0 = Release|Any CPU
		{8F8E0021-5D80-4124-98CF-118AC540A1EB}.AppStore|Any CPU.ActiveCfg = Release|Any CPU
		{8F8E0021-5D80-4124-98CF-118AC540A1EB}.AppStore|Any CPU.Build.0 = Release|Any CPU
		{8F8E0021-5D80-4124-98CF-118AC540A1EB}.AppStore|Any CPU.Deploy.0 = Release|Any CPU
		{8F8E0021-5D80-4124-98CF-118AC540A1EB}.AppStore|iPhone.ActiveCfg = Release|Any CPU
		{8F8E0021-5D80-4124-98CF-118AC540A1EB}.AppStore|iPhone.Build.0 = Release|Any CPU
		{8F8E0021-5D80-4124-98CF-118AC540A1EB}.AppStore|iPhone.Deploy.0 = Release|Any CPU
		{8F8E0021-5D80-4124-98CF-118AC540A1EB}.AppStore|iPhoneSimulator.ActiveCfg = Release|Any CPU
		{8F8E0021-5D80-4124-98CF-118AC540A1EB}.AppStore|iPhoneSimulator.Build.0 = Release|Any CPU
		{8F8E0021-5D80-4124-98CF-118AC540A1EB}.AppStore|iPhoneSimulator.Deploy.0 = Release|Any CPU
		{8F8E0021-5D80-4124-98CF-118AC540A1EB}.Debug|Any CPU.ActiveCfg = Debug|Any CPU
		{8F8E0021-5D80-4124-98CF-118AC540A1EB}.Debug|Any CPU.Build.0 = Debug|Any CPU
		{8F8E0021-5D80-4124-98CF-118AC540A1EB}.Debug|Any CPU.Deploy.0 = Debug|Any CPU
		{8F8E0021-5D80-4124-98CF-118AC540A1EB}.Debug|iPhone.ActiveCfg = Debug|Any CPU
		{8F8E0021-5D80-4124-98CF-118AC540A1EB}.Debug|iPhone.Build.0 = Debug|Any CPU
		{8F8E0021-5D80-4124-98CF-118AC540A1EB}.Debug|iPhone.Deploy.0 = Debug|Any CPU
		{8F8E0021-5D80-4124-98CF-118AC540A1EB}.Debug|iPhoneSimulator.ActiveCfg = Debug|Any CPU
		{8F8E0021-5D80-4124-98CF-118AC540A1EB}.Debug|iPhoneSimulator.Build.0 = Debug|Any CPU
		{8F8E0021-5D80-4124-98CF-118AC540A1EB}.Debug|iPhoneSimulator.Deploy.0 = Debug|Any CPU
		{8F8E0021-5D80-4124-98CF-118AC540A1EB}.Release|Any CPU.ActiveCfg = Release|Any CPU
		{8F8E0021-5D80-4124-98CF-118AC540A1EB}.Release|Any CPU.Build.0 = Release|Any CPU
		{8F8E0021-5D80-4124-98CF-118AC540A1EB}.Release|Any CPU.Deploy.0 = Release|Any CPU
		{8F8E0021-5D80-4124-98CF-118AC540A1EB}.Release|iPhone.ActiveCfg = Release|Any CPU
		{8F8E0021-5D80-4124-98CF-118AC540A1EB}.Release|iPhone.Build.0 = Release|Any CPU
		{8F8E0021-5D80-4124-98CF-118AC540A1EB}.Release|iPhone.Deploy.0 = Release|Any CPU
		{8F8E0021-5D80-4124-98CF-118AC540A1EB}.Release|iPhoneSimulator.ActiveCfg = Release|Any CPU
		{8F8E0021-5D80-4124-98CF-118AC540A1EB}.Release|iPhoneSimulator.Build.0 = Release|Any CPU
		{8F8E0021-5D80-4124-98CF-118AC540A1EB}.Release|iPhoneSimulator.Deploy.0 = Release|Any CPU
		{07562A06-25AE-408C-BB01-D41718D095A1}.Ad-Hoc|Any CPU.ActiveCfg = Ad-Hoc|iPhone
		{07562A06-25AE-408C-BB01-D41718D095A1}.Ad-Hoc|iPhone.ActiveCfg = Ad-Hoc|iPhone
		{07562A06-25AE-408C-BB01-D41718D095A1}.Ad-Hoc|iPhone.Build.0 = Ad-Hoc|iPhone
		{07562A06-25AE-408C-BB01-D41718D095A1}.Ad-Hoc|iPhoneSimulator.ActiveCfg = Ad-Hoc|iPhoneSimulator
		{07562A06-25AE-408C-BB01-D41718D095A1}.Ad-Hoc|iPhoneSimulator.Build.0 = Ad-Hoc|iPhoneSimulator
		{07562A06-25AE-408C-BB01-D41718D095A1}.AppStore|Any CPU.ActiveCfg = AppStore|iPhone
		{07562A06-25AE-408C-BB01-D41718D095A1}.AppStore|iPhone.ActiveCfg = AppStore|iPhone
		{07562A06-25AE-408C-BB01-D41718D095A1}.AppStore|iPhone.Build.0 = AppStore|iPhone
		{07562A06-25AE-408C-BB01-D41718D095A1}.AppStore|iPhoneSimulator.ActiveCfg = AppStore|iPhoneSimulator
		{07562A06-25AE-408C-BB01-D41718D095A1}.AppStore|iPhoneSimulator.Build.0 = AppStore|iPhoneSimulator
		{07562A06-25AE-408C-BB01-D41718D095A1}.Debug|Any CPU.ActiveCfg = Debug|iPhone
		{07562A06-25AE-408C-BB01-D41718D095A1}.Debug|iPhone.ActiveCfg = Debug|iPhone
		{07562A06-25AE-408C-BB01-D41718D095A1}.Debug|iPhone.Build.0 = Debug|iPhone
		{07562A06-25AE-408C-BB01-D41718D095A1}.Debug|iPhoneSimulator.ActiveCfg = Debug|iPhoneSimulator
		{07562A06-25AE-408C-BB01-D41718D095A1}.Debug|iPhoneSimulator.Build.0 = Debug|iPhoneSimulator
		{07562A06-25AE-408C-BB01-D41718D095A1}.Release|Any CPU.ActiveCfg = Release|iPhone
		{07562A06-25AE-408C-BB01-D41718D095A1}.Release|iPhone.ActiveCfg = Release|iPhone
		{07562A06-25AE-408C-BB01-D41718D095A1}.Release|iPhone.Build.0 = Release|iPhone
		{07562A06-25AE-408C-BB01-D41718D095A1}.Release|iPhoneSimulator.ActiveCfg = Release|iPhoneSimulator
		{07562A06-25AE-408C-BB01-D41718D095A1}.Release|iPhoneSimulator.Build.0 = Release|iPhoneSimulator
		{CE6AA8F2-BD67-4051-8AE6-9FFCA9E663FE}.Ad-Hoc|Any CPU.ActiveCfg = Release|Any CPU
		{CE6AA8F2-BD67-4051-8AE6-9FFCA9E663FE}.Ad-Hoc|Any CPU.Build.0 = Release|Any CPU
		{CE6AA8F2-BD67-4051-8AE6-9FFCA9E663FE}.Ad-Hoc|iPhone.ActiveCfg = Release|Any CPU
		{CE6AA8F2-BD67-4051-8AE6-9FFCA9E663FE}.Ad-Hoc|iPhone.Build.0 = Release|Any CPU
		{CE6AA8F2-BD67-4051-8AE6-9FFCA9E663FE}.Ad-Hoc|iPhoneSimulator.ActiveCfg = Release|Any CPU
		{CE6AA8F2-BD67-4051-8AE6-9FFCA9E663FE}.Ad-Hoc|iPhoneSimulator.Build.0 = Release|Any CPU
		{CE6AA8F2-BD67-4051-8AE6-9FFCA9E663FE}.AppStore|Any CPU.ActiveCfg = Release|Any CPU
		{CE6AA8F2-BD67-4051-8AE6-9FFCA9E663FE}.AppStore|Any CPU.Build.0 = Release|Any CPU
		{CE6AA8F2-BD67-4051-8AE6-9FFCA9E663FE}.AppStore|iPhone.ActiveCfg = Release|Any CPU
		{CE6AA8F2-BD67-4051-8AE6-9FFCA9E663FE}.AppStore|iPhone.Build.0 = Release|Any CPU
		{CE6AA8F2-BD67-4051-8AE6-9FFCA9E663FE}.AppStore|iPhoneSimulator.ActiveCfg = Release|Any CPU
		{CE6AA8F2-BD67-4051-8AE6-9FFCA9E663FE}.AppStore|iPhoneSimulator.Build.0 = Release|Any CPU
		{CE6AA8F2-BD67-4051-8AE6-9FFCA9E663FE}.Debug|Any CPU.ActiveCfg = Debug|Any CPU
		{CE6AA8F2-BD67-4051-8AE6-9FFCA9E663FE}.Debug|Any CPU.Build.0 = Debug|Any CPU
		{CE6AA8F2-BD67-4051-8AE6-9FFCA9E663FE}.Debug|iPhone.ActiveCfg = Debug|Any CPU
		{CE6AA8F2-BD67-4051-8AE6-9FFCA9E663FE}.Debug|iPhone.Build.0 = Debug|Any CPU
		{CE6AA8F2-BD67-4051-8AE6-9FFCA9E663FE}.Debug|iPhoneSimulator.ActiveCfg = Debug|Any CPU
		{CE6AA8F2-BD67-4051-8AE6-9FFCA9E663FE}.Debug|iPhoneSimulator.Build.0 = Debug|Any CPU
		{CE6AA8F2-BD67-4051-8AE6-9FFCA9E663FE}.Release|Any CPU.ActiveCfg = Release|Any CPU
		{CE6AA8F2-BD67-4051-8AE6-9FFCA9E663FE}.Release|Any CPU.Build.0 = Release|Any CPU
		{CE6AA8F2-BD67-4051-8AE6-9FFCA9E663FE}.Release|iPhone.ActiveCfg = Release|Any CPU
		{CE6AA8F2-BD67-4051-8AE6-9FFCA9E663FE}.Release|iPhone.Build.0 = Release|Any CPU
		{CE6AA8F2-BD67-4051-8AE6-9FFCA9E663FE}.Release|iPhoneSimulator.ActiveCfg = Release|Any CPU
		{CE6AA8F2-BD67-4051-8AE6-9FFCA9E663FE}.Release|iPhoneSimulator.Build.0 = Release|Any CPU
		{ACBA1111-2C39-4126-B60A-51EE9D0C734B}.Ad-Hoc|Any CPU.ActiveCfg = Release|Any CPU
		{ACBA1111-2C39-4126-B60A-51EE9D0C734B}.Ad-Hoc|Any CPU.Build.0 = Release|Any CPU
		{ACBA1111-2C39-4126-B60A-51EE9D0C734B}.Ad-Hoc|iPhone.ActiveCfg = Release|Any CPU
		{ACBA1111-2C39-4126-B60A-51EE9D0C734B}.Ad-Hoc|iPhone.Build.0 = Release|Any CPU
		{ACBA1111-2C39-4126-B60A-51EE9D0C734B}.Ad-Hoc|iPhoneSimulator.ActiveCfg = Release|Any CPU
		{ACBA1111-2C39-4126-B60A-51EE9D0C734B}.Ad-Hoc|iPhoneSimulator.Build.0 = Release|Any CPU
		{ACBA1111-2C39-4126-B60A-51EE9D0C734B}.AppStore|Any CPU.ActiveCfg = Release|Any CPU
		{ACBA1111-2C39-4126-B60A-51EE9D0C734B}.AppStore|Any CPU.Build.0 = Release|Any CPU
		{ACBA1111-2C39-4126-B60A-51EE9D0C734B}.AppStore|iPhone.ActiveCfg = Release|Any CPU
		{ACBA1111-2C39-4126-B60A-51EE9D0C734B}.AppStore|iPhone.Build.0 = Release|Any CPU
		{ACBA1111-2C39-4126-B60A-51EE9D0C734B}.AppStore|iPhoneSimulator.ActiveCfg = Release|Any CPU
		{ACBA1111-2C39-4126-B60A-51EE9D0C734B}.AppStore|iPhoneSimulator.Build.0 = Release|Any CPU
		{ACBA1111-2C39-4126-B60A-51EE9D0C734B}.Debug|Any CPU.ActiveCfg = Debug|Any CPU
		{ACBA1111-2C39-4126-B60A-51EE9D0C734B}.Debug|Any CPU.Build.0 = Debug|Any CPU
		{ACBA1111-2C39-4126-B60A-51EE9D0C734B}.Debug|iPhone.ActiveCfg = Debug|Any CPU
		{ACBA1111-2C39-4126-B60A-51EE9D0C734B}.Debug|iPhone.Build.0 = Debug|Any CPU
		{ACBA1111-2C39-4126-B60A-51EE9D0C734B}.Debug|iPhoneSimulator.ActiveCfg = Debug|Any CPU
		{ACBA1111-2C39-4126-B60A-51EE9D0C734B}.Debug|iPhoneSimulator.Build.0 = Debug|Any CPU
		{ACBA1111-2C39-4126-B60A-51EE9D0C734B}.Release|Any CPU.ActiveCfg = Release|Any CPU
		{ACBA1111-2C39-4126-B60A-51EE9D0C734B}.Release|Any CPU.Build.0 = Release|Any CPU
		{ACBA1111-2C39-4126-B60A-51EE9D0C734B}.Release|iPhone.ActiveCfg = Release|Any CPU
		{ACBA1111-2C39-4126-B60A-51EE9D0C734B}.Release|iPhone.Build.0 = Release|Any CPU
		{ACBA1111-2C39-4126-B60A-51EE9D0C734B}.Release|iPhoneSimulator.ActiveCfg = Release|Any CPU
		{ACBA1111-2C39-4126-B60A-51EE9D0C734B}.Release|iPhoneSimulator.Build.0 = Release|Any CPU
	EndGlobalSection
	GlobalSection(SolutionProperties) = preSolution
		HideSolutionNode = FALSE
	EndGlobalSection
	GlobalSection(NestedProjects) = preSolution
		{BAB97A09-E24F-482D-925D-B2D1F9AB81D2} = {1E4FFC49-0D98-4DD1-8CB8-2A8383EC31C1}
		{8F8E0021-5D80-4124-98CF-118AC540A1EB} = {1E4FFC49-0D98-4DD1-8CB8-2A8383EC31C1}
		{07562A06-25AE-408C-BB01-D41718D095A1} = {1E4FFC49-0D98-4DD1-8CB8-2A8383EC31C1}
	EndGlobalSection
EndGlobal
