
Microsoft Visual Studio Solution File, Format Version 12.00
# Visual Studio 2012
Project("{FAE04EC0-301F-11D3-BF4B-00C04F79EFBC}") = "FreshMvvmSampleApp", "FreshMvvmSampleApp\FreshMvvmSampleApp.csproj", "{BAB97A09-E24F-482D-925D-B2D1F9AB81D2}"
EndProject
Project("{FAE04EC0-301F-11D3-BF4B-00C04F79EFBC}") = "FreshMvvmSampleApp.iOS", "iOS\FreshMvvmSampleApp.iOS.csproj", "{07562A06-25AE-408C-BB01-D41718D095A1}"
EndProject
Project("{FAE04EC0-301F-11D3-BF4B-00C04F79EFBC}") = "FreshMvvmSampleApp.Droid", "Droid\FreshMvvmSampleApp.Droid.csproj", "{8F8E0021-5D80-4124-98CF-118AC540A1EB}"
EndProject
Global
	GlobalSection(SolutionConfigurationPlatforms) = preSolution
		Debug|Any CPU = Debug|Any CPU
		Release|Any CPU = Release|Any CPU
		Debug|iPhoneSimulator = Debug|iPhoneSimulator
		Release|iPhoneSimulator = Release|iPhoneSimulator
		Debug|iPhone = Debug|iPhone
		Release|iPhone = Release|iPhone
		Ad-Hoc|iPhone = Ad-Hoc|iPhone
		AppStore|iPhone = AppStore|iPhone
	EndGlobalSection
	GlobalSection(ProjectConfigurationPlatforms) = postSolution
		{07562A06-25AE-408C-BB01-D41718D095A1}.Ad-Hoc|iPhone.ActiveCfg = Ad-Hoc|iPhone
		{07562A06-25AE-408C-BB01-D41718D095A1}.Ad-Hoc|iPhone.Build.0 = Ad-Hoc|iPhone
		{07562A06-25AE-408C-BB01-D41718D095A1}.AppStore|iPhone.ActiveCfg = AppStore|iPhone
		{07562A06-25AE-408C-BB01-D41718D095A1}.AppStore|iPhone.Build.0 = AppStore|iPhone
		{07562A06-25AE-408C-BB01-D41718D095A1}.Debug|Any CPU.ActiveCfg = Debug|iPhoneSimulator
		{07562A06-25AE-408C-BB01-D41718D095A1}.Debug|Any CPU.Build.0 = Debug|iPhoneSimulator
		{07562A06-25AE-408C-BB01-D41718D095A1}.Debug|iPhone.ActiveCfg = Debug|iPhone
		{07562A06-25AE-408C-BB01-D41718D095A1}.Debug|iPhone.Build.0 = Debug|iPhone
		{07562A06-25AE-408C-BB01-D41718D095A1}.Debug|iPhoneSimulator.ActiveCfg = Debug|iPhoneSimulator
		{07562A06-25AE-408C-BB01-D41718D095A1}.Debug|iPhoneSimulator.Build.0 = Debug|iPhoneSimulator
		{07562A06-25AE-408C-BB01-D41718D095A1}.Release|Any CPU.ActiveCfg = Release|iPhoneSimulator
		{07562A06-25AE-408C-BB01-D41718D095A1}.Release|Any CPU.Build.0 = Release|iPhoneSimulator
		{07562A06-25AE-408C-BB01-D41718D095A1}.Release|iPhone.ActiveCfg = Release|iPhone
		{07562A06-25AE-408C-BB01-D41718D095A1}.Release|iPhone.Build.0 = Release|iPhone
		{07562A06-25AE-408C-BB01-D41718D095A1}.Release|iPhoneSimulator.ActiveCfg = Release|iPhoneSimulator
		{07562A06-25AE-408C-BB01-D41718D095A1}.Release|iPhoneSimulator.Build.0 = Release|iPhoneSimulator
		{8F8E0021-5D80-4124-98CF-118AC540A1EB}.Ad-Hoc|iPhone.ActiveCfg = Release|Any CPU
		{8F8E0021-5D80-4124-98CF-118AC540A1EB}.Ad-Hoc|iPhone.Build.0 = Release|Any CPU
		{8F8E0021-5D80-4124-98CF-118AC540A1EB}.AppStore|iPhone.ActiveCfg = Release|Any CPU
		{8F8E0021-5D80-4124-98CF-118AC540A1EB}.AppStore|iPhone.Build.0 = Release|Any CPU
		{8F8E0021-5D80-4124-98CF-118AC540A1EB}.Debug|Any CPU.ActiveCfg = Debug|Any CPU
		{8F8E0021-5D80-4124-98CF-118AC540A1EB}.Debug|Any CPU.Build.0 = Debug|Any CPU
		{8F8E0021-5D80-4124-98CF-118AC540A1EB}.Debug|iPhone.ActiveCfg = Debug|Any CPU
		{8F8E0021-5D80-4124-98CF-118AC540A1EB}.Debug|iPhone.Build.0 = Debug|Any CPU
		{8F8E0021-5D80-4124-98CF-118AC540A1EB}.Debug|iPhoneSimulator.ActiveCfg = Debug|Any CPU
		{8F8E0021-5D80-4124-98CF-118AC540A1EB}.Debug|iPhoneSimulator.Build.0 = Debug|Any CPU
		{8F8E0021-5D80-4124-98CF-118AC540A1EB}.Release|Any CPU.ActiveCfg = Release|Any CPU
		{8F8E0021-5D80-4124-98CF-118AC540A1EB}.Release|Any CPU.Build.0 = Release|Any CPU
		{8F8E0021-5D80-4124-98CF-118AC540A1EB}.Release|iPhone.ActiveCfg = Release|Any CPU
		{8F8E0021-5D80-4124-98CF-118AC540A1EB}.Release|iPhone.Build.0 = Release|Any CPU
		{8F8E0021-5D80-4124-98CF-118AC540A1EB}.Release|iPhoneSimulator.ActiveCfg = Release|Any CPU
		{8F8E0021-5D80-4124-98CF-118AC540A1EB}.Release|iPhoneSimulator.Build.0 = Release|Any CPU
		{BAB97A09-E24F-482D-925D-B2D1F9AB81D2}.Ad-Hoc|iPhone.ActiveCfg = Debug|Any CPU
		{BAB97A09-E24F-482D-925D-B2D1F9AB81D2}.Ad-Hoc|iPhone.Build.0 = Debug|Any CPU
		{BAB97A09-E24F-482D-925D-B2D1F9AB81D2}.AppStore|iPhone.ActiveCfg = Debug|Any CPU
		{BAB97A09-E24F-482D-925D-B2D1F9AB81D2}.AppStore|iPhone.Build.0 = Debug|Any CPU
		{BAB97A09-E24F-482D-925D-B2D1F9AB81D2}.Debug|Any CPU.ActiveCfg = Debug|Any CPU
		{BAB97A09-E24F-482D-925D-B2D1F9AB81D2}.Debug|Any CPU.Build.0 = Debug|Any CPU
		{BAB97A09-E24F-482D-925D-B2D1F9AB81D2}.Debug|iPhone.ActiveCfg = Debug|Any CPU
		{BAB97A09-E24F-482D-925D-B2D1F9AB81D2}.Debug|iPhone.Build.0 = Debug|Any CPU
		{BAB97A09-E24F-482D-925D-B2D1F9AB81D2}.Debug|iPhoneSimulator.ActiveCfg = Debug|Any CPU
		{BAB97A09-E24F-482D-925D-B2D1F9AB81D2}.Debug|iPhoneSimulator.Build.0 = Debug|Any CPU
		{BAB97A09-E24F-482D-925D-B2D1F9AB81D2}.Release|Any CPU.ActiveCfg = Release|Any CPU
		{BAB97A09-E24F-482D-925D-B2D1F9AB81D2}.Release|Any CPU.Build.0 = Release|Any CPU
		{BAB97A09-E24F-482D-925D-B2D1F9AB81D2}.Release|iPhone.ActiveCfg = Release|Any CPU
		{BAB97A09-E24F-482D-925D-B2D1F9AB81D2}.Release|iPhone.Build.0 = Release|Any CPU
		{BAB97A09-E24F-482D-925D-B2D1F9AB81D2}.Release|iPhoneSimulator.ActiveCfg = Release|Any CPU
		{BAB97A09-E24F-482D-925D-B2D1F9AB81D2}.Release|iPhoneSimulator.Build.0 = Release|Any CPU
	EndGlobalSection
EndGlobal
